
Microsoft Visual Studio Solution File, Format Version 12.00
# Visual Studio Version 17
VisualStudioVersion = 17.3.32825.248
MinimumVisualStudioVersion = 10.0.40219.1
Project("{FAE04EC0-301F-11D3-BF4B-00C04F79EFBC}") = "Home", "Home\Home.csproj", "{62D6D13E-D7FE-41AA-93F9-B30137D29605}"
EndProject
Global
	GlobalSection(SolutionConfigurationPlatforms) = preSolution
		Debug|Any CPU = Debug|Any CPU
		Release|Any CPU = Release|Any CPU
	EndGlobalSection
	GlobalSection(ProjectConfigurationPlatforms) = postSolution
		{62D6D13E-D7FE-41AA-93F9-B30137D29605}.Debug|Any CPU.ActiveCfg = Debug|Any CPU
		{62D6D13E-D7FE-41AA-93F9-B30137D29605}.Debug|Any CPU.Build.0 = Debug|Any CPU
		{62D6D13E-D7FE-41AA-93F9-B30137D29605}.Release|Any CPU.ActiveCfg = Release|Any CPU
		{62D6D13E-D7FE-41AA-93F9-B30137D29605}.Release|Any CPU.Build.0 = Release|Any CPU
	EndGlobalSection
	GlobalSection(SolutionProperties) = preSolution
		HideSolutionNode = FALSE
	EndGlobalSection
	GlobalSection(ExtensibilityGlobals) = postSolution
		SolutionGuid = {7CB2C528-D62D-49FA-8B8E-3C77FC2B476F}
	EndGlobalSection
EndGlobal
